<Solution>
  <Project Path="../oqtane.framework-6.1.2-Source/Oqtane.Server/Oqtane.Server.csproj">
    <Build Project="false" />
  </Project>
  <Project Path="Client/GIBS.Module.QRCodeMaker.Client.csproj" />
  <Project Path="Package/GIBS.Module.QRCodeMaker.Package.csproj" />
  <Project Path="Server/GIBS.Module.QRCodeMaker.Server.csproj" />
  <Project Path="Shared/GIBS.Module.QRCodeMaker.Shared.csproj" />
</Solution>
